PODS:
  - DCKeyValueObjectMapping (1.5)
  - OCHamcrest (4.3.0)
  - OCMock (3.3.1)
  - OCMockito (1.4.0):
    - OCHamcrest (~> 4.0)
  - Socket.IO-Client-Swift (7.0.3)

DEPENDENCIES:
  - DCKeyValueObjectMapping
  - OCMock (~> 3.1)
  - OCMockito (~> 1.4)
  - Socket.IO-Client-Swift

SPEC CHECKSUMS:
  DCKeyValueObjectMapping: c2eb5a6529da100b2e49ef6a599663578051f077
  OCHamcrest: cd63d27f48a266d4412c0b295b01b8f0940efa81
  OCMock: f3f61e6eaa16038c30caa5798c5e49d3307b6f22
  OCMockito: 4981140c9a9ec06c31af40f636e3c0f25f27e6b2
  Socket.IO-Client-Swift: cca640f81f8856278c8bcd56ea42d1d070a011b6

PODFILE CHECKSUM: db6fcc8e0702d9b84380f8520020ded82657c30a

COCOAPODS: 1.0.1
