// !$*UTF8*$!
{
	archiveVersion = 1;
	classes = {
	};
	objectVersion = 46;
	objects = {

/* Begin PBXAggregateTarget section */
		139D06241B57A4C40027C49F /* BringgTrackingUniversal */ = {
			isa = PBXAggregateTarget;
			buildConfigurationList = 139D06251B57A4C40027C49F /* Build configuration list for PBXAggregateTarget "BringgTrackingUniversal" */;
			buildPhases = (
				139D062A1B57A5190027C49F /* ShellScript */,
			);
			dependencies = (
				139D06291B57A4DF0027C49F /* PBXTargetDependency */,
			);
			name = BringgTrackingUniversal;
			productName = BringgTrackingUniversal;
		};
/* End PBXAggregateTarget section */

/* Begin PBXBuildFile section */
		13361E231B8B15C200388D14 /* GGBringgUtils.m in Sources */ = {isa = PBXBuildFile; fileRef = 13361E221B8B15C200388D14 /* GGBringgUtils.m */; };
		13361E241B8B3D7B00388D14 /* GGBringgUtils.h in CopyFiles */ = {isa = PBXBuildFile; fileRef = 13361E211B8B15C200388D14 /* GGBringgUtils.h */; };
		13478F321BEB86FB0055A059 /* GGHTTPManagerTests.m in Sources */ = {isa = PBXBuildFile; fileRef = 13478F311BEB86FB0055A059 /* GGHTTPManagerTests.m */; };
		135692311B0B36E000100034 /* SocketIO.m in Sources */ = {isa = PBXBuildFile; fileRef = 135692261B0B36E000100034 /* SocketIO.m */; };
		135692321B0B36E000100034 /* SocketIOJSONSerialization.m in Sources */ = {isa = PBXBuildFile; fileRef = 135692281B0B36E000100034 /* SocketIOJSONSerialization.m */; };
		135692331B0B36E000100034 /* SocketIOPacket.m in Sources */ = {isa = PBXBuildFile; fileRef = 1356922A1B0B36E000100034 /* SocketIOPacket.m */; };
		135692341B0B36E000100034 /* SocketIOTransportWebsocket.m in Sources */ = {isa = PBXBuildFile; fileRef = 1356922D1B0B36E000100034 /* SocketIOTransportWebsocket.m */; };
		135692351B0B36E000100034 /* SocketIOTransportXHR.m in Sources */ = {isa = PBXBuildFile; fileRef = 1356922F1B0B36E000100034 /* SocketIOTransportXHR.m */; };
		136CB2771B85C47400521029 /* GGWaypoint.m in Sources */ = {isa = PBXBuildFile; fileRef = 136CB2761B85C47400521029 /* GGWaypoint.m */; };
		136CB2781B85C4CE00521029 /* GGWaypoint.h in CopyFiles */ = {isa = PBXBuildFile; fileRef = 136CB2751B85C47400521029 /* GGWaypoint.h */; };
		13D5427F1BEB419000A6B48F /* GGRealTimeMonitorTests.m in Sources */ = {isa = PBXBuildFile; fileRef = 13D5427E1BEB419000A6B48F /* GGRealTimeMonitorTests.m */; };
		13D542831BEB495200A6B48F /* orderUpdate_onstart.json in Resources */ = {isa = PBXBuildFile; fileRef = 13D542811BEB495200A6B48F /* orderUpdate_onstart.json */; };
		13D542841BEB495200A6B48F /* orderUpdate_onaccept.json in Resources */ = {isa = PBXBuildFile; fileRef = 13D542821BEB495200A6B48F /* orderUpdate_onaccept.json */; };
		13D542871BEB49FE00A6B48F /* GGTestUtils.m in Sources */ = {isa = PBXBuildFile; fileRef = 13D542861BEB49FE00A6B48F /* GGTestUtils.m */; };
		13D542891BEB4BF000A6B48F /* libicucore.tbd in Frameworks */ = {isa = PBXBuildFile; fileRef = 13D542881BEB4BF000A6B48F /* libicucore.tbd */; };
		13D5428D1BEB659F00A6B48F /* GGTrackerManagerTests.m in Sources */ = {isa = PBXBuildFile; fileRef = 13D5428C1BEB659F00A6B48F /* GGTrackerManagerTests.m */; };
		13D643FA1B3BECF100F9EA37 /* libBringgTracking.a in CopyFiles */ = {isa = PBXBuildFile; fileRef = A99163A41A51523C008BADCD /* libBringgTracking.a */; };
		13D643FC1B3BEE2800F9EA37 /* GGTrackerManager.h in CopyFiles */ = {isa = PBXBuildFile; fileRef = A99163E01A51582E008BADCD /* GGTrackerManager.h */; };
		13D643FD1B3BEE2800F9EA37 /* GGHTTPClientManager.h in CopyFiles */ = {isa = PBXBuildFile; fileRef = A9A2F6EE1AAD9AB3003038E8 /* GGHTTPClientManager.h */; };
		13D643FE1B3BEE4700F9EA37 /* SocketIO.h in CopyFiles */ = {isa = PBXBuildFile; fileRef = 135692251B0B36E000100034 /* SocketIO.h */; };
		13D643FF1B3BEE4700F9EA37 /* SocketIOJSONSerialization.h in CopyFiles */ = {isa = PBXBuildFile; fileRef = 135692271B0B36E000100034 /* SocketIOJSONSerialization.h */; };
		13D644001B3BEE4700F9EA37 /* SocketIOPacket.h in CopyFiles */ = {isa = PBXBuildFile; fileRef = 135692291B0B36E000100034 /* SocketIOPacket.h */; };
		13D644011B3BEE4700F9EA37 /* SocketIOTransport.h in CopyFiles */ = {isa = PBXBuildFile; fileRef = 1356922B1B0B36E000100034 /* SocketIOTransport.h */; };
		13D644021B3BEE4700F9EA37 /* SocketIOTransportWebsocket.h in CopyFiles */ = {isa = PBXBuildFile; fileRef = 1356922C1B0B36E000100034 /* SocketIOTransportWebsocket.h */; };
		13D644031B3BEE4700F9EA37 /* SocketIOTransportXHR.h in CopyFiles */ = {isa = PBXBuildFile; fileRef = 1356922E1B0B36E000100034 /* SocketIOTransportXHR.h */; };
		13D6440D1B3C0F7300F9EA37 /* GGDriver.m in Sources */ = {isa = PBXBuildFile; fileRef = 13D6440C1B3C0F7300F9EA37 /* GGDriver.m */; };
		13D644101B3C0F8300F9EA37 /* GGCustomer.m in Sources */ = {isa = PBXBuildFile; fileRef = 13D6440F1B3C0F8300F9EA37 /* GGCustomer.m */; };
		13D644131B3C0F9F00F9EA37 /* GGOrder.m in Sources */ = {isa = PBXBuildFile; fileRef = 13D644121B3C0F9F00F9EA37 /* GGOrder.m */; };
		13D644141B3C13C700F9EA37 /* GGDriver.h in CopyFiles */ = {isa = PBXBuildFile; fileRef = 13D6440B1B3C0F7300F9EA37 /* GGDriver.h */; };
		13D644161B3C13C700F9EA37 /* GGCustomer.h in CopyFiles */ = {isa = PBXBuildFile; fileRef = 13D6440E1B3C0F8300F9EA37 /* GGCustomer.h */; };
		13D644181B3C13C700F9EA37 /* GGOrder.h in CopyFiles */ = {isa = PBXBuildFile; fileRef = 13D644111B3C0F9F00F9EA37 /* GGOrder.h */; };
		13D6441D1B3C180D00F9EA37 /* GGSharedLocation.m in Sources */ = {isa = PBXBuildFile; fileRef = 13D6441C1B3C180D00F9EA37 /* GGSharedLocation.m */; };
		13D644201B3C18F900F9EA37 /* GGRating.m in Sources */ = {isa = PBXBuildFile; fileRef = 13D6441F1B3C18F900F9EA37 /* GGRating.m */; };
		13D644231B3C2F9300F9EA37 /* GGRealTimeMontior.m in Sources */ = {isa = PBXBuildFile; fileRef = 13D644221B3C2F9300F9EA37 /* GGRealTimeMontior.m */; };
		13D644261B413FF600F9EA37 /* GGOrderBuilder.m in Sources */ = {isa = PBXBuildFile; fileRef = 13D644251B413FF600F9EA37 /* GGOrderBuilder.m */; };
		13D644281B416F4100F9EA37 /* GGRealTimeMontior.h in CopyFiles */ = {isa = PBXBuildFile; fileRef = 13D644211B3C2F9300F9EA37 /* GGRealTimeMontior.h */; };
		13D644291B416F5500F9EA37 /* GGSharedLocation.h in CopyFiles */ = {isa = PBXBuildFile; fileRef = 13D6441B1B3C180D00F9EA37 /* GGSharedLocation.h */; };
		13D6442A1B416F5500F9EA37 /* GGOrderBuilder.h in CopyFiles */ = {isa = PBXBuildFile; fileRef = 13D644241B413FF600F9EA37 /* GGOrderBuilder.h */; };
		13D6442B1B416F5500F9EA37 /* GGRating.h in CopyFiles */ = {isa = PBXBuildFile; fileRef = 13D6441E1B3C18F900F9EA37 /* GGRating.h */; };
		13D644771B4185D000F9EA37 /* BringgGlobals.h in CopyFiles */ = {isa = PBXBuildFile; fileRef = 13D6441A1B3C179500F9EA37 /* BringgGlobals.h */; };
		13DA44071B72263200C981B6 /* SRWebSocket.h in CopyFiles */ = {isa = PBXBuildFile; fileRef = A99163D51A515719008BADCD /* SRWebSocket.h */; };
		84DAC0791B84474A00FD2B75 /* AFHTTPRequestOperation.m in Sources */ = {isa = PBXBuildFile; fileRef = 84DAC0531B84474A00FD2B75 /* AFHTTPRequestOperation.m */; };
		84DAC07A1B84474A00FD2B75 /* AFHTTPRequestOperationManager.m in Sources */ = {isa = PBXBuildFile; fileRef = 84DAC0551B84474A00FD2B75 /* AFHTTPRequestOperationManager.m */; };
		84DAC07B1B84474A00FD2B75 /* AFHTTPSessionManager.m in Sources */ = {isa = PBXBuildFile; fileRef = 84DAC0571B84474A00FD2B75 /* AFHTTPSessionManager.m */; };
		84DAC07C1B84474A00FD2B75 /* AFNetworkReachabilityManager.m in Sources */ = {isa = PBXBuildFile; fileRef = 84DAC05A1B84474A00FD2B75 /* AFNetworkReachabilityManager.m */; };
		84DAC07D1B84474A00FD2B75 /* AFSecurityPolicy.m in Sources */ = {isa = PBXBuildFile; fileRef = 84DAC05C1B84474A00FD2B75 /* AFSecurityPolicy.m */; };
		84DAC07E1B84474A00FD2B75 /* AFURLConnectionOperation.m in Sources */ = {isa = PBXBuildFile; fileRef = 84DAC05E1B84474A00FD2B75 /* AFURLConnectionOperation.m */; };
		84DAC07F1B84474A00FD2B75 /* AFURLRequestSerialization.m in Sources */ = {isa = PBXBuildFile; fileRef = 84DAC0601B84474A00FD2B75 /* AFURLRequestSerialization.m */; };
		84DAC0801B84474A00FD2B75 /* AFURLResponseSerialization.m in Sources */ = {isa = PBXBuildFile; fileRef = 84DAC0621B84474A00FD2B75 /* AFURLResponseSerialization.m */; };
		84DAC0811B84474A00FD2B75 /* AFURLSessionManager.m in Sources */ = {isa = PBXBuildFile; fileRef = 84DAC0641B84474A00FD2B75 /* AFURLSessionManager.m */; };
		84DAC0831B84474A00FD2B75 /* AFNetworkActivityIndicatorManager.m in Sources */ = {isa = PBXBuildFile; fileRef = 84DAC0691B84474A00FD2B75 /* AFNetworkActivityIndicatorManager.m */; };
		84DAC0841B84474A00FD2B75 /* UIActivityIndicatorView+AFNetworking.m in Sources */ = {isa = PBXBuildFile; fileRef = 84DAC06B1B84474A00FD2B75 /* UIActivityIndicatorView+AFNetworking.m */; };
		84DAC0851B84474A00FD2B75 /* UIAlertView+AFNetworking.m in Sources */ = {isa = PBXBuildFile; fileRef = 84DAC06D1B84474A00FD2B75 /* UIAlertView+AFNetworking.m */; };
		84DAC0861B84474A00FD2B75 /* UIButton+AFNetworking.m in Sources */ = {isa = PBXBuildFile; fileRef = 84DAC06F1B84474A00FD2B75 /* UIButton+AFNetworking.m */; };
		84DAC0871B84474A00FD2B75 /* UIImageView+AFNetworking.m in Sources */ = {isa = PBXBuildFile; fileRef = 84DAC0711B84474A00FD2B75 /* UIImageView+AFNetworking.m */; };
		84DAC0881B84474A00FD2B75 /* UIProgressView+AFNetworking.m in Sources */ = {isa = PBXBuildFile; fileRef = 84DAC0741B84474A00FD2B75 /* UIProgressView+AFNetworking.m */; };
		84DAC0891B84474A00FD2B75 /* UIRefreshControl+AFNetworking.m in Sources */ = {isa = PBXBuildFile; fileRef = 84DAC0761B84474A00FD2B75 /* UIRefreshControl+AFNetworking.m */; };
		84DAC08A1B84474A00FD2B75 /* UIWebView+AFNetworking.m in Sources */ = {isa = PBXBuildFile; fileRef = 84DAC0781B84474A00FD2B75 /* UIWebView+AFNetworking.m */; };
		A99163B01A51523C008BADCD /* libBringgTracking.a in Frameworks */ = {isa = PBXBuildFile; fileRef = A99163A41A51523C008BADCD /* libBringgTracking.a */; };
		A99163D71A515719008BADCD /* Reachability.m in Sources */ = {isa = PBXBuildFile; fileRef = A99163C11A515719008BADCD /* Reachability.m */; };
		A99163DD1A515719008BADCD /* base64.c in Sources */ = {isa = PBXBuildFile; fileRef = A99163D01A515719008BADCD /* base64.c */; };
		A99163DE1A515719008BADCD /* NSData+SRB64Additions.m in Sources */ = {isa = PBXBuildFile; fileRef = A99163D41A515719008BADCD /* NSData+SRB64Additions.m */; };
		A99163DF1A515719008BADCD /* SRWebSocket.m in Sources */ = {isa = PBXBuildFile; fileRef = A99163D61A515719008BADCD /* SRWebSocket.m */; };
		A99163E21A51582E008BADCD /* GGTrackerManager.m in Sources */ = {isa = PBXBuildFile; fileRef = A99163E11A51582E008BADCD /* GGTrackerManager.m */; };
		A99163E41A51587C008BADCD /* Foundation.framework in Frameworks */ = {isa = PBXBuildFile; fileRef = A99163E31A51587C008BADCD /* Foundation.framework */; };
		A99163E61A515884008BADCD /* CFNetwork.framework in Frameworks */ = {isa = PBXBuildFile; fileRef = A99163E51A515884008BADCD /* CFNetwork.framework */; };
		A99163E81A515893008BADCD /* Security.framework in Frameworks */ = {isa = PBXBuildFile; fileRef = A99163E71A515893008BADCD /* Security.framework */; };
		A9A2F6F01AAD9AB3003038E8 /* GGHTTPClientManager.m in Sources */ = {isa = PBXBuildFile; fileRef = A9A2F6EF1AAD9AB3003038E8 /* GGHTTPClientManager.m */; };
		D3504D43119CDA64CA6230BD /* libPods-BringgTrackingTests.a in Frameworks */ = {isa = PBXBuildFile; fileRef = 5E410D265A9E50F9D65C02D8 /* libPods-BringgTrackingTests.a */; };
/* End PBXBuildFile section */

/* Begin PBXContainerItemProxy section */
		139D06281B57A4DF0027C49F /* PBXContainerItemProxy */ = {
			isa = PBXContainerItemProxy;
			containerPortal = A991639C1A51523C008BADCD /* Project object */;
			proxyType = 1;
			remoteGlobalIDString = A99163A31A51523C008BADCD;
			remoteInfo = BringgTracking;
		};
		A99163B11A51523C008BADCD /* PBXContainerItemProxy */ = {
			isa = PBXContainerItemProxy;
			containerPortal = A991639C1A51523C008BADCD /* Project object */;
			proxyType = 1;
			remoteGlobalIDString = A99163A31A51523C008BADCD;
			remoteInfo = BringgTracking;
		};
/* End PBXContainerItemProxy section */

/* Begin PBXCopyFilesBuildPhase section */
		13D643FB1B3BEDDD00F9EA37 /* CopyFiles */ = {
			isa = PBXCopyFilesBuildPhase;
			buildActionMask = 2147483647;
			dstPath = include;
			dstSubfolderSpec = 16;
			files = (
				13361E241B8B3D7B00388D14 /* GGBringgUtils.h in CopyFiles */,
				136CB2781B85C4CE00521029 /* GGWaypoint.h in CopyFiles */,
				13DA44071B72263200C981B6 /* SRWebSocket.h in CopyFiles */,
				13D644771B4185D000F9EA37 /* BringgGlobals.h in CopyFiles */,
				13D644291B416F5500F9EA37 /* GGSharedLocation.h in CopyFiles */,
				13D6442A1B416F5500F9EA37 /* GGOrderBuilder.h in CopyFiles */,
				13D6442B1B416F5500F9EA37 /* GGRating.h in CopyFiles */,
				13D644281B416F4100F9EA37 /* GGRealTimeMontior.h in CopyFiles */,
				13D644141B3C13C700F9EA37 /* GGDriver.h in CopyFiles */,
				13D644161B3C13C700F9EA37 /* GGCustomer.h in CopyFiles */,
				13D644181B3C13C700F9EA37 /* GGOrder.h in CopyFiles */,
				13D643FE1B3BEE4700F9EA37 /* SocketIO.h in CopyFiles */,
				13D643FF1B3BEE4700F9EA37 /* SocketIOJSONSerialization.h in CopyFiles */,
				13D644001B3BEE4700F9EA37 /* SocketIOPacket.h in CopyFiles */,
				13D644011B3BEE4700F9EA37 /* SocketIOTransport.h in CopyFiles */,
				13D644021B3BEE4700F9EA37 /* SocketIOTransportWebsocket.h in CopyFiles */,
				13D644031B3BEE4700F9EA37 /* SocketIOTransportXHR.h in CopyFiles */,
				13D643FC1B3BEE2800F9EA37 /* GGTrackerManager.h in CopyFiles */,
				13D643FD1B3BEE2800F9EA37 /* GGHTTPClientManager.h in CopyFiles */,
			);
			runOnlyForDeploymentPostprocessing = 0;
		};
		A99163A21A51523C008BADCD /* CopyFiles */ = {
			isa = PBXCopyFilesBuildPhase;
			buildActionMask = 2147483647;
			dstPath = "${PROJECT_DIR}/BringgTracking/framework/lib";
			dstSubfolderSpec = 0;
			files = (
				13D643FA1B3BECF100F9EA37 /* libBringgTracking.a in CopyFiles */,
			);
			runOnlyForDeploymentPostprocessing = 0;
		};
/* End PBXCopyFilesBuildPhase section */

/* Begin PBXFileReference section */
		13361E211B8B15C200388D14 /* GGBringgUtils.h */ = {isa = PBXFileReference; fileEncoding = 4; lastKnownFileType = sourcecode.c.h; path = GGBringgUtils.h; sourceTree = "<group>"; };
		13361E221B8B15C200388D14 /* GGBringgUtils.m */ = {isa = PBXFileReference; fileEncoding = 4; lastKnownFileType = sourcecode.c.objc; path = GGBringgUtils.m; sourceTree = "<group>"; };
		13478F311BEB86FB0055A059 /* GGHTTPManagerTests.m */ = {isa = PBXFileReference; fileEncoding = 4; lastKnownFileType = sourcecode.c.objc; path = GGHTTPManagerTests.m; sourceTree = "<group>"; };
		134A8B751BE6188C001FFF34 /* GGTrackerManager_Private.h */ = {isa = PBXFileReference; fileEncoding = 4; lastKnownFileType = sourcecode.c.h; path = GGTrackerManager_Private.h; sourceTree = "<group>"; };
		135692241B0B36E000100034 /* LICENSE_SIO */ = {isa = PBXFileReference; fileEncoding = 4; lastKnownFileType = text; path = LICENSE_SIO; sourceTree = "<group>"; };
		135692251B0B36E000100034 /* SocketIO.h */ = {isa = PBXFileReference; fileEncoding = 4; lastKnownFileType = sourcecode.c.h; path = SocketIO.h; sourceTree = "<group>"; };
		135692261B0B36E000100034 /* SocketIO.m */ = {isa = PBXFileReference; fileEncoding = 4; lastKnownFileType = sourcecode.c.objc; path = SocketIO.m; sourceTree = "<group>"; };
		135692271B0B36E000100034 /* SocketIOJSONSerialization.h */ = {isa = PBXFileReference; fileEncoding = 4; lastKnownFileType = sourcecode.c.h; path = SocketIOJSONSerialization.h; sourceTree = "<group>"; };
		135692281B0B36E000100034 /* SocketIOJSONSerialization.m */ = {isa = PBXFileReference; fileEncoding = 4; lastKnownFileType = sourcecode.c.objc; path = SocketIOJSONSerialization.m; sourceTree = "<group>"; };
		135692291B0B36E000100034 /* SocketIOPacket.h */ = {isa = PBXFileReference; fileEncoding = 4; lastKnownFileType = sourcecode.c.h; path = SocketIOPacket.h; sourceTree = "<group>"; };
		1356922A1B0B36E000100034 /* SocketIOPacket.m */ = {isa = PBXFileReference; fileEncoding = 4; lastKnownFileType = sourcecode.c.objc; path = SocketIOPacket.m; sourceTree = "<group>"; };
		1356922B1B0B36E000100034 /* SocketIOTransport.h */ = {isa = PBXFileReference; fileEncoding = 4; lastKnownFileType = sourcecode.c.h; path = SocketIOTransport.h; sourceTree = "<group>"; };
		1356922C1B0B36E000100034 /* SocketIOTransportWebsocket.h */ = {isa = PBXFileReference; fileEncoding = 4; lastKnownFileType = sourcecode.c.h; path = SocketIOTransportWebsocket.h; sourceTree = "<group>"; };
		1356922D1B0B36E000100034 /* SocketIOTransportWebsocket.m */ = {isa = PBXFileReference; fileEncoding = 4; lastKnownFileType = sourcecode.c.objc; path = SocketIOTransportWebsocket.m; sourceTree = "<group>"; };
		1356922E1B0B36E000100034 /* SocketIOTransportXHR.h */ = {isa = PBXFileReference; fileEncoding = 4; lastKnownFileType = sourcecode.c.h; path = SocketIOTransportXHR.h; sourceTree = "<group>"; };
		1356922F1B0B36E000100034 /* SocketIOTransportXHR.m */ = {isa = PBXFileReference; fileEncoding = 4; lastKnownFileType = sourcecode.c.objc; path = SocketIOTransportXHR.m; sourceTree = "<group>"; };
		136CB2751B85C47400521029 /* GGWaypoint.h */ = {isa = PBXFileReference; fileEncoding = 4; lastKnownFileType = sourcecode.c.h; path = GGWaypoint.h; sourceTree = "<group>"; };
		136CB2761B85C47400521029 /* GGWaypoint.m */ = {isa = PBXFileReference; fileEncoding = 4; lastKnownFileType = sourcecode.c.objc; path = GGWaypoint.m; sourceTree = "<group>"; };
		13D5427E1BEB419000A6B48F /* GGRealTimeMonitorTests.m */ = {isa = PBXFileReference; fileEncoding = 4; lastKnownFileType = sourcecode.c.objc; path = GGRealTimeMonitorTests.m; sourceTree = "<group>"; };
		13D542811BEB495200A6B48F /* orderUpdate_onstart.json */ = {isa = PBXFileReference; fileEncoding = 4; lastKnownFileType = text.json; path = orderUpdate_onstart.json; sourceTree = "<group>"; };
		13D542821BEB495200A6B48F /* orderUpdate_onaccept.json */ = {isa = PBXFileReference; fileEncoding = 4; lastKnownFileType = text.json; path = orderUpdate_onaccept.json; sourceTree = "<group>"; };
		13D542851BEB49FE00A6B48F /* GGTestUtils.h */ = {isa = PBXFileReference; fileEncoding = 4; lastKnownFileType = sourcecode.c.h; path = GGTestUtils.h; sourceTree = "<group>"; };
		13D542861BEB49FE00A6B48F /* GGTestUtils.m */ = {isa = PBXFileReference; fileEncoding = 4; lastKnownFileType = sourcecode.c.objc; path = GGTestUtils.m; sourceTree = "<group>"; };
		13D542881BEB4BF000A6B48F /* libicucore.tbd */ = {isa = PBXFileReference; lastKnownFileType = "sourcecode.text-based-dylib-definition"; name = libicucore.tbd; path = usr/lib/libicucore.tbd; sourceTree = SDKROOT; };
		13D5428C1BEB659F00A6B48F /* GGTrackerManagerTests.m */ = {isa = PBXFileReference; fileEncoding = 4; lastKnownFileType = sourcecode.c.objc; path = GGTrackerManagerTests.m; sourceTree = "<group>"; };
		13D6440B1B3C0F7300F9EA37 /* GGDriver.h */ = {isa = PBXFileReference; fileEncoding = 4; lastKnownFileType = sourcecode.c.h; path = GGDriver.h; sourceTree = "<group>"; };
		13D6440C1B3C0F7300F9EA37 /* GGDriver.m */ = {isa = PBXFileReference; fileEncoding = 4; lastKnownFileType = sourcecode.c.objc; path = GGDriver.m; sourceTree = "<group>"; };
		13D6440E1B3C0F8300F9EA37 /* GGCustomer.h */ = {isa = PBXFileReference; fileEncoding = 4; lastKnownFileType = sourcecode.c.h; path = GGCustomer.h; sourceTree = "<group>"; };
		13D6440F1B3C0F8300F9EA37 /* GGCustomer.m */ = {isa = PBXFileReference; fileEncoding = 4; lastKnownFileType = sourcecode.c.objc; path = GGCustomer.m; sourceTree = "<group>"; };
		13D644111B3C0F9F00F9EA37 /* GGOrder.h */ = {isa = PBXFileReference; fileEncoding = 4; lastKnownFileType = sourcecode.c.h; path = GGOrder.h; sourceTree = "<group>"; };
		13D644121B3C0F9F00F9EA37 /* GGOrder.m */ = {isa = PBXFileReference; fileEncoding = 4; lastKnownFileType = sourcecode.c.objc; path = GGOrder.m; sourceTree = "<group>"; };
		13D6441A1B3C179500F9EA37 /* BringgGlobals.h */ = {isa = PBXFileReference; fileEncoding = 4; lastKnownFileType = sourcecode.c.h; path = BringgGlobals.h; sourceTree = "<group>"; };
		13D6441B1B3C180D00F9EA37 /* GGSharedLocation.h */ = {isa = PBXFileReference; fileEncoding = 4; lastKnownFileType = sourcecode.c.h; path = GGSharedLocation.h; sourceTree = "<group>"; };
		13D6441C1B3C180D00F9EA37 /* GGSharedLocation.m */ = {isa = PBXFileReference; fileEncoding = 4; lastKnownFileType = sourcecode.c.objc; path = GGSharedLocation.m; sourceTree = "<group>"; };
		13D6441E1B3C18F900F9EA37 /* GGRating.h */ = {isa = PBXFileReference; fileEncoding = 4; lastKnownFileType = sourcecode.c.h; path = GGRating.h; sourceTree = "<group>"; };
		13D6441F1B3C18F900F9EA37 /* GGRating.m */ = {isa = PBXFileReference; fileEncoding = 4; lastKnownFileType = sourcecode.c.objc; path = GGRating.m; sourceTree = "<group>"; };
		13D644211B3C2F9300F9EA37 /* GGRealTimeMontior.h */ = {isa = PBXFileReference; fileEncoding = 4; lastKnownFileType = sourcecode.c.h; path = GGRealTimeMontior.h; sourceTree = "<group>"; };
		13D644221B3C2F9300F9EA37 /* GGRealTimeMontior.m */ = {isa = PBXFileReference; fileEncoding = 4; lastKnownFileType = sourcecode.c.objc; path = GGRealTimeMontior.m; sourceTree = "<group>"; };
		13D644241B413FF600F9EA37 /* GGOrderBuilder.h */ = {isa = PBXFileReference; fileEncoding = 4; lastKnownFileType = sourcecode.c.h; path = GGOrderBuilder.h; sourceTree = "<group>"; };
		13D644251B413FF600F9EA37 /* GGOrderBuilder.m */ = {isa = PBXFileReference; fileEncoding = 4; lastKnownFileType = sourcecode.c.objc; path = GGOrderBuilder.m; sourceTree = "<group>"; };
		13D644271B41618E00F9EA37 /* GGRealTimeMontior+Private.h */ = {isa = PBXFileReference; fileEncoding = 4; lastKnownFileType = sourcecode.c.h; path = "GGRealTimeMontior+Private.h"; sourceTree = "<group>"; };
		5E410D265A9E50F9D65C02D8 /* libPods-BringgTrackingTests.a */ = {isa = PBXFileReference; explicitFileType = archive.ar; includeInIndex = 0; path = "libPods-BringgTrackingTests.a"; sourceTree = BUILT_PRODUCTS_DIR; };
		6E86BEDC3DF2137CDEC39795 /* Pods-BringgTrackingTests.debug.xcconfig */ = {isa = PBXFileReference; includeInIndex = 1; lastKnownFileType = text.xcconfig; name = "Pods-BringgTrackingTests.debug.xcconfig"; path = "Pods/Target Support Files/Pods-BringgTrackingTests/Pods-BringgTrackingTests.debug.xcconfig"; sourceTree = "<group>"; };
		84DAC0521B84474A00FD2B75 /* AFHTTPRequestOperation.h */ = {isa = PBXFileReference; fileEncoding = 4; lastKnownFileType = sourcecode.c.h; path = AFHTTPRequestOperation.h; sourceTree = "<group>"; };
		84DAC0531B84474A00FD2B75 /* AFHTTPRequestOperation.m */ = {isa = PBXFileReference; fileEncoding = 4; lastKnownFileType = sourcecode.c.objc; path = AFHTTPRequestOperation.m; sourceTree = "<group>"; };
		84DAC0541B84474A00FD2B75 /* AFHTTPRequestOperationManager.h */ = {isa = PBXFileReference; fileEncoding = 4; lastKnownFileType = sourcecode.c.h; path = AFHTTPRequestOperationManager.h; sourceTree = "<group>"; };
		84DAC0551B84474A00FD2B75 /* AFHTTPRequestOperationManager.m */ = {isa = PBXFileReference; fileEncoding = 4; lastKnownFileType = sourcecode.c.objc; path = AFHTTPRequestOperationManager.m; sourceTree = "<group>"; };
		84DAC0561B84474A00FD2B75 /* AFHTTPSessionManager.h */ = {isa = PBXFileReference; fileEncoding = 4; lastKnownFileType = sourcecode.c.h; path = AFHTTPSessionManager.h; sourceTree = "<group>"; };
		84DAC0571B84474A00FD2B75 /* AFHTTPSessionManager.m */ = {isa = PBXFileReference; fileEncoding = 4; lastKnownFileType = sourcecode.c.objc; path = AFHTTPSessionManager.m; sourceTree = "<group>"; };
		84DAC0581B84474A00FD2B75 /* AFNetworking.h */ = {isa = PBXFileReference; fileEncoding = 4; lastKnownFileType = sourcecode.c.h; path = AFNetworking.h; sourceTree = "<group>"; };
		84DAC0591B84474A00FD2B75 /* AFNetworkReachabilityManager.h */ = {isa = PBXFileReference; fileEncoding = 4; lastKnownFileType = sourcecode.c.h; path = AFNetworkReachabilityManager.h; sourceTree = "<group>"; };
		84DAC05A1B84474A00FD2B75 /* AFNetworkReachabilityManager.m */ = {isa = PBXFileReference; fileEncoding = 4; lastKnownFileType = sourcecode.c.objc; path = AFNetworkReachabilityManager.m; sourceTree = "<group>"; };
		84DAC05B1B84474A00FD2B75 /* AFSecurityPolicy.h */ = {isa = PBXFileReference; fileEncoding = 4; lastKnownFileType = sourcecode.c.h; path = AFSecurityPolicy.h; sourceTree = "<group>"; };
		84DAC05C1B84474A00FD2B75 /* AFSecurityPolicy.m */ = {isa = PBXFileReference; fileEncoding = 4; lastKnownFileType = sourcecode.c.objc; path = AFSecurityPolicy.m; sourceTree = "<group>"; };
		84DAC05D1B84474A00FD2B75 /* AFURLConnectionOperation.h */ = {isa = PBXFileReference; fileEncoding = 4; lastKnownFileType = sourcecode.c.h; path = AFURLConnectionOperation.h; sourceTree = "<group>"; };
		84DAC05E1B84474A00FD2B75 /* AFURLConnectionOperation.m */ = {isa = PBXFileReference; fileEncoding = 4; lastKnownFileType = sourcecode.c.objc; path = AFURLConnectionOperation.m; sourceTree = "<group>"; };
		84DAC05F1B84474A00FD2B75 /* AFURLRequestSerialization.h */ = {isa = PBXFileReference; fileEncoding = 4; lastKnownFileType = sourcecode.c.h; path = AFURLRequestSerialization.h; sourceTree = "<group>"; };
		84DAC0601B84474A00FD2B75 /* AFURLRequestSerialization.m */ = {isa = PBXFileReference; fileEncoding = 4; lastKnownFileType = sourcecode.c.objc; path = AFURLRequestSerialization.m; sourceTree = "<group>"; };
		84DAC0611B84474A00FD2B75 /* AFURLResponseSerialization.h */ = {isa = PBXFileReference; fileEncoding = 4; lastKnownFileType = sourcecode.c.h; path = AFURLResponseSerialization.h; sourceTree = "<group>"; };
		84DAC0621B84474A00FD2B75 /* AFURLResponseSerialization.m */ = {isa = PBXFileReference; fileEncoding = 4; lastKnownFileType = sourcecode.c.objc; path = AFURLResponseSerialization.m; sourceTree = "<group>"; };
		84DAC0631B84474A00FD2B75 /* AFURLSessionManager.h */ = {isa = PBXFileReference; fileEncoding = 4; lastKnownFileType = sourcecode.c.h; path = AFURLSessionManager.h; sourceTree = "<group>"; };
		84DAC0641B84474A00FD2B75 /* AFURLSessionManager.m */ = {isa = PBXFileReference; fileEncoding = 4; lastKnownFileType = sourcecode.c.objc; path = AFURLSessionManager.m; sourceTree = "<group>"; };
		84DAC0681B84474A00FD2B75 /* AFNetworkActivityIndicatorManager.h */ = {isa = PBXFileReference; fileEncoding = 4; lastKnownFileType = sourcecode.c.h; path = AFNetworkActivityIndicatorManager.h; sourceTree = "<group>"; };
		84DAC0691B84474A00FD2B75 /* AFNetworkActivityIndicatorManager.m */ = {isa = PBXFileReference; fileEncoding = 4; lastKnownFileType = sourcecode.c.objc; path = AFNetworkActivityIndicatorManager.m; sourceTree = "<group>"; };
		84DAC06A1B84474A00FD2B75 /* UIActivityIndicatorView+AFNetworking.h */ = {isa = PBXFileReference; fileEncoding = 4; lastKnownFileType = sourcecode.c.h; path = "UIActivityIndicatorView+AFNetworking.h"; sourceTree = "<group>"; };
		84DAC06B1B84474A00FD2B75 /* UIActivityIndicatorView+AFNetworking.m */ = {isa = PBXFileReference; fileEncoding = 4; lastKnownFileType = sourcecode.c.objc; path = "UIActivityIndicatorView+AFNetworking.m"; sourceTree = "<group>"; };
		84DAC06C1B84474A00FD2B75 /* UIAlertView+AFNetworking.h */ = {isa = PBXFileReference; fileEncoding = 4; lastKnownFileType = sourcecode.c.h; path = "UIAlertView+AFNetworking.h"; sourceTree = "<group>"; };
		84DAC06D1B84474A00FD2B75 /* UIAlertView+AFNetworking.m */ = {isa = PBXFileReference; fileEncoding = 4; lastKnownFileType = sourcecode.c.objc; path = "UIAlertView+AFNetworking.m"; sourceTree = "<group>"; };
		84DAC06E1B84474A00FD2B75 /* UIButton+AFNetworking.h */ = {isa = PBXFileReference; fileEncoding = 4; lastKnownFileType = sourcecode.c.h; path = "UIButton+AFNetworking.h"; sourceTree = "<group>"; };
		84DAC06F1B84474A00FD2B75 /* UIButton+AFNetworking.m */ = {isa = PBXFileReference; fileEncoding = 4; lastKnownFileType = sourcecode.c.objc; path = "UIButton+AFNetworking.m"; sourceTree = "<group>"; };
		84DAC0701B84474A00FD2B75 /* UIImageView+AFNetworking.h */ = {isa = PBXFileReference; fileEncoding = 4; lastKnownFileType = sourcecode.c.h; path = "UIImageView+AFNetworking.h"; sourceTree = "<group>"; };
		84DAC0711B84474A00FD2B75 /* UIImageView+AFNetworking.m */ = {isa = PBXFileReference; fileEncoding = 4; lastKnownFileType = sourcecode.c.objc; path = "UIImageView+AFNetworking.m"; sourceTree = "<group>"; };
		84DAC0721B84474A00FD2B75 /* UIKit+AFNetworking.h */ = {isa = PBXFileReference; fileEncoding = 4; lastKnownFileType = sourcecode.c.h; path = "UIKit+AFNetworking.h"; sourceTree = "<group>"; };
		84DAC0731B84474A00FD2B75 /* UIProgressView+AFNetworking.h */ = {isa = PBXFileReference; fileEncoding = 4; lastKnownFileType = sourcecode.c.h; path = "UIProgressView+AFNetworking.h"; sourceTree = "<group>"; };
		84DAC0741B84474A00FD2B75 /* UIProgressView+AFNetworking.m */ = {isa = PBXFileReference; fileEncoding = 4; lastKnownFileType = sourcecode.c.objc; path = "UIProgressView+AFNetworking.m"; sourceTree = "<group>"; };
		84DAC0751B84474A00FD2B75 /* UIRefreshControl+AFNetworking.h */ = {isa = PBXFileReference; fileEncoding = 4; lastKnownFileType = sourcecode.c.h; path = "UIRefreshControl+AFNetworking.h"; sourceTree = "<group>"; };
		84DAC0761B84474A00FD2B75 /* UIRefreshControl+AFNetworking.m */ = {isa = PBXFileReference; fileEncoding = 4; lastKnownFileType = sourcecode.c.objc; path = "UIRefreshControl+AFNetworking.m"; sourceTree = "<group>"; };
		84DAC0771B84474A00FD2B75 /* UIWebView+AFNetworking.h */ = {isa = PBXFileReference; fileEncoding = 4; lastKnownFileType = sourcecode.c.h; path = "UIWebView+AFNetworking.h"; sourceTree = "<group>"; };
		84DAC0781B84474A00FD2B75 /* UIWebView+AFNetworking.m */ = {isa = PBXFileReference; fileEncoding = 4; lastKnownFileType = sourcecode.c.objc; path = "UIWebView+AFNetworking.m"; sourceTree = "<group>"; };
		A99163A41A51523C008BADCD /* libBringgTracking.a */ = {isa = PBXFileReference; explicitFileType = archive.ar; includeInIndex = 0; path = libBringgTracking.a; sourceTree = BUILT_PRODUCTS_DIR; };
		A99163AF1A51523C008BADCD /* BringgTrackingTests.xctest */ = {isa = PBXFileReference; explicitFileType = wrapper.cfbundle; includeInIndex = 0; path = BringgTrackingTests.xctest; sourceTree = BUILT_PRODUCTS_DIR; };
		A99163B51A51523C008BADCD /* Info.plist */ = {isa = PBXFileReference; lastKnownFileType = text.plist.xml; path = Info.plist; sourceTree = "<group>"; };
		A99163C01A515719008BADCD /* Reachability.h */ = {isa = PBXFileReference; fileEncoding = 4; lastKnownFileType = sourcecode.c.h; path = Reachability.h; sourceTree = "<group>"; };
		A99163C11A515719008BADCD /* Reachability.m */ = {isa = PBXFileReference; fileEncoding = 4; lastKnownFileType = sourcecode.c.objc; path = Reachability.m; sourceTree = "<group>"; };
		A99163D01A515719008BADCD /* base64.c */ = {isa = PBXFileReference; fileEncoding = 4; lastKnownFileType = sourcecode.c.c; path = base64.c; sourceTree = "<group>"; };
		A99163D11A515719008BADCD /* base64.h */ = {isa = PBXFileReference; fileEncoding = 4; lastKnownFileType = sourcecode.c.h; path = base64.h; sourceTree = "<group>"; };
		A99163D21A515719008BADCD /* LICENSE_SR */ = {isa = PBXFileReference; fileEncoding = 4; lastKnownFileType = text; path = LICENSE_SR; sourceTree = "<group>"; };
		A99163D31A515719008BADCD /* NSData+SRB64Additions.h */ = {isa = PBXFileReference; fileEncoding = 4; lastKnownFileType = sourcecode.c.h; path = "NSData+SRB64Additions.h"; sourceTree = "<group>"; };
		A99163D41A515719008BADCD /* NSData+SRB64Additions.m */ = {isa = PBXFileReference; fileEncoding = 4; lastKnownFileType = sourcecode.c.objc; path = "NSData+SRB64Additions.m"; sourceTree = "<group>"; };
		A99163D51A515719008BADCD /* SRWebSocket.h */ = {isa = PBXFileReference; fileEncoding = 4; lastKnownFileType = sourcecode.c.h; path = SRWebSocket.h; sourceTree = "<group>"; };
		A99163D61A515719008BADCD /* SRWebSocket.m */ = {isa = PBXFileReference; fileEncoding = 4; lastKnownFileType = sourcecode.c.objc; path = SRWebSocket.m; sourceTree = "<group>"; };
		A99163E01A51582E008BADCD /* GGTrackerManager.h */ = {isa = PBXFileReference; fileEncoding = 4; lastKnownFileType = sourcecode.c.h; lineEnding = 0; path = GGTrackerManager.h; sourceTree = "<group>"; };
		A99163E11A51582E008BADCD /* GGTrackerManager.m */ = {isa = PBXFileReference; fileEncoding = 4; lastKnownFileType = sourcecode.c.objc; lineEnding = 0; path = GGTrackerManager.m; sourceTree = "<group>"; xcLanguageSpecificationIdentifier = xcode.lang.objc; };
		A99163E31A51587C008BADCD /* Foundation.framework */ = {isa = PBXFileReference; lastKnownFileType = wrapper.framework; name = Foundation.framework; path = System/Library/Frameworks/Foundation.framework; sourceTree = SDKROOT; };
		A99163E51A515884008BADCD /* CFNetwork.framework */ = {isa = PBXFileReference; lastKnownFileType = wrapper.framework; name = CFNetwork.framework; path = System/Library/Frameworks/CFNetwork.framework; sourceTree = SDKROOT; };
		A99163E71A515893008BADCD /* Security.framework */ = {isa = PBXFileReference; lastKnownFileType = wrapper.framework; name = Security.framework; path = System/Library/Frameworks/Security.framework; sourceTree = SDKROOT; };
		A9A2F6EE1AAD9AB3003038E8 /* GGHTTPClientManager.h */ = {isa = PBXFileReference; fileEncoding = 4; lastKnownFileType = sourcecode.c.h; path = GGHTTPClientManager.h; sourceTree = "<group>"; };
		A9A2F6EF1AAD9AB3003038E8 /* GGHTTPClientManager.m */ = {isa = PBXFileReference; fileEncoding = 4; lastKnownFileType = sourcecode.c.objc; path = GGHTTPClientManager.m; sourceTree = "<group>"; };
		A9AC3F6F1ADD0111004817ED /* GGHTTPClientManager_Private.h */ = {isa = PBXFileReference; fileEncoding = 4; lastKnownFileType = sourcecode.c.h; path = GGHTTPClientManager_Private.h; sourceTree = "<group>"; };
		ED8F793D4BEA78910BEE4098 /* Pods-BringgTrackingTests.release.xcconfig */ = {isa = PBXFileReference; includeInIndex = 1; lastKnownFileType = text.xcconfig; name = "Pods-BringgTrackingTests.release.xcconfig"; path = "Pods/Target Support Files/Pods-BringgTrackingTests/Pods-BringgTrackingTests.release.xcconfig"; sourceTree = "<group>"; };
		EF843EE8AD3EA258A3F5B194 /* libPods-BringgTracking.a */ = {isa = PBXFileReference; explicitFileType = archive.ar; includeInIndex = 0; path = "libPods-BringgTracking.a"; sourceTree = BUILT_PRODUCTS_DIR; };
/* End PBXFileReference section */

/* Begin PBXFrameworksBuildPhase section */
		A99163A11A51523C008BADCD /* Frameworks */ = {
			isa = PBXFrameworksBuildPhase;
			buildActionMask = 2147483647;
			files = (
				A99163E81A515893008BADCD /* Security.framework in Frameworks */,
				A99163E61A515884008BADCD /* CFNetwork.framework in Frameworks */,
				A99163E41A51587C008BADCD /* Foundation.framework in Frameworks */,
			);
			runOnlyForDeploymentPostprocessing = 0;
		};
		A99163AC1A51523C008BADCD /* Frameworks */ = {
			isa = PBXFrameworksBuildPhase;
			buildActionMask = 2147483647;
			files = (
				13D542891BEB4BF000A6B48F /* libicucore.tbd in Frameworks */,
				A99163B01A51523C008BADCD /* libBringgTracking.a in Frameworks */,
				D3504D43119CDA64CA6230BD /* libPods-BringgTrackingTests.a in Frameworks */,
			);
			runOnlyForDeploymentPostprocessing = 0;
		};
/* End PBXFrameworksBuildPhase section */

/* Begin PBXGroup section */
		135692221B0B36E000100034 /* SocketIO */ = {
			isa = PBXGroup;
			children = (
				135692241B0B36E000100034 /* LICENSE_SIO */,
				135692251B0B36E000100034 /* SocketIO.h */,
				135692261B0B36E000100034 /* SocketIO.m */,
				135692271B0B36E000100034 /* SocketIOJSONSerialization.h */,
				135692281B0B36E000100034 /* SocketIOJSONSerialization.m */,
				135692291B0B36E000100034 /* SocketIOPacket.h */,
				1356922A1B0B36E000100034 /* SocketIOPacket.m */,
				1356922B1B0B36E000100034 /* SocketIOTransport.h */,
				1356922C1B0B36E000100034 /* SocketIOTransportWebsocket.h */,
				1356922D1B0B36E000100034 /* SocketIOTransportWebsocket.m */,
				1356922E1B0B36E000100034 /* SocketIOTransportXHR.h */,
				1356922F1B0B36E000100034 /* SocketIOTransportXHR.m */,
			);
			path = SocketIO;
			sourceTree = "<group>";
		};
		13D6440A1B3C0F7300F9EA37 /* model */ = {
			isa = PBXGroup;
			children = (
				13D6441A1B3C179500F9EA37 /* BringgGlobals.h */,
				13361E211B8B15C200388D14 /* GGBringgUtils.h */,
				13361E221B8B15C200388D14 /* GGBringgUtils.m */,
				13D644271B41618E00F9EA37 /* GGRealTimeMontior+Private.h */,
				13D644211B3C2F9300F9EA37 /* GGRealTimeMontior.h */,
				13D644221B3C2F9300F9EA37 /* GGRealTimeMontior.m */,
				13D6440B1B3C0F7300F9EA37 /* GGDriver.h */,
				13D6440C1B3C0F7300F9EA37 /* GGDriver.m */,
				13D6441B1B3C180D00F9EA37 /* GGSharedLocation.h */,
				13D6441C1B3C180D00F9EA37 /* GGSharedLocation.m */,
				13D6440E1B3C0F8300F9EA37 /* GGCustomer.h */,
				136CB2751B85C47400521029 /* GGWaypoint.h */,
				136CB2761B85C47400521029 /* GGWaypoint.m */,
				13D6440F1B3C0F8300F9EA37 /* GGCustomer.m */,
				13D644111B3C0F9F00F9EA37 /* GGOrder.h */,
				13D644121B3C0F9F00F9EA37 /* GGOrder.m */,
				13D644241B413FF600F9EA37 /* GGOrderBuilder.h */,
				13D644251B413FF600F9EA37 /* GGOrderBuilder.m */,
				13D6441E1B3C18F900F9EA37 /* GGRating.h */,
				13D6441F1B3C18F900F9EA37 /* GGRating.m */,
			);
			path = model;
			sourceTree = "<group>";
		};
		51714AA7A87F5BD99D489D8B /* Frameworks */ = {
			isa = PBXGroup;
			children = (
				13D542881BEB4BF000A6B48F /* libicucore.tbd */,
				EF843EE8AD3EA258A3F5B194 /* libPods-BringgTracking.a */,
				5E410D265A9E50F9D65C02D8 /* libPods-BringgTrackingTests.a */,
			);
			name = Frameworks;
			sourceTree = "<group>";
		};
		5550055FAAA6CC804B3ECE69 /* Pods */ = {
			isa = PBXGroup;
			children = (
				6E86BEDC3DF2137CDEC39795 /* Pods-BringgTrackingTests.debug.xcconfig */,
				ED8F793D4BEA78910BEE4098 /* Pods-BringgTrackingTests.release.xcconfig */,
			);
			name = Pods;
			sourceTree = "<group>";
		};
		84DAC0501B84474A00FD2B75 /* AFNetworking */ = {
			isa = PBXGroup;
			children = (
				84DAC0511B84474A00FD2B75 /* AFNetworking */,
				84DAC0671B84474A00FD2B75 /* UIKit+AFNetworking */,
			);
			path = AFNetworking;
			sourceTree = "<group>";
		};
		84DAC0511B84474A00FD2B75 /* AFNetworking */ = {
			isa = PBXGroup;
			children = (
				84DAC0521B84474A00FD2B75 /* AFHTTPRequestOperation.h */,
				84DAC0531B84474A00FD2B75 /* AFHTTPRequestOperation.m */,
				84DAC0541B84474A00FD2B75 /* AFHTTPRequestOperationManager.h */,
				84DAC0551B84474A00FD2B75 /* AFHTTPRequestOperationManager.m */,
				84DAC0561B84474A00FD2B75 /* AFHTTPSessionManager.h */,
				84DAC0571B84474A00FD2B75 /* AFHTTPSessionManager.m */,
				84DAC0581B84474A00FD2B75 /* AFNetworking.h */,
				84DAC0591B84474A00FD2B75 /* AFNetworkReachabilityManager.h */,
				84DAC05A1B84474A00FD2B75 /* AFNetworkReachabilityManager.m */,
				84DAC05B1B84474A00FD2B75 /* AFSecurityPolicy.h */,
				84DAC05C1B84474A00FD2B75 /* AFSecurityPolicy.m */,
				84DAC05D1B84474A00FD2B75 /* AFURLConnectionOperation.h */,
				84DAC05E1B84474A00FD2B75 /* AFURLConnectionOperation.m */,
				84DAC05F1B84474A00FD2B75 /* AFURLRequestSerialization.h */,
				84DAC0601B84474A00FD2B75 /* AFURLRequestSerialization.m */,
				84DAC0611B84474A00FD2B75 /* AFURLResponseSerialization.h */,
				84DAC0621B84474A00FD2B75 /* AFURLResponseSerialization.m */,
				84DAC0631B84474A00FD2B75 /* AFURLSessionManager.h */,
				84DAC0641B84474A00FD2B75 /* AFURLSessionManager.m */,
			);
			path = AFNetworking;
			sourceTree = "<group>";
		};
		84DAC0671B84474A00FD2B75 /* UIKit+AFNetworking */ = {
			isa = PBXGroup;
			children = (
				84DAC0681B84474A00FD2B75 /* AFNetworkActivityIndicatorManager.h */,
				84DAC0691B84474A00FD2B75 /* AFNetworkActivityIndicatorManager.m */,
				84DAC06A1B84474A00FD2B75 /* UIActivityIndicatorView+AFNetworking.h */,
				84DAC06B1B84474A00FD2B75 /* UIActivityIndicatorView+AFNetworking.m */,
				84DAC06C1B84474A00FD2B75 /* UIAlertView+AFNetworking.h */,
				84DAC06D1B84474A00FD2B75 /* UIAlertView+AFNetworking.m */,
				84DAC06E1B84474A00FD2B75 /* UIButton+AFNetworking.h */,
				84DAC06F1B84474A00FD2B75 /* UIButton+AFNetworking.m */,
				84DAC0701B84474A00FD2B75 /* UIImageView+AFNetworking.h */,
				84DAC0711B84474A00FD2B75 /* UIImageView+AFNetworking.m */,
				84DAC0721B84474A00FD2B75 /* UIKit+AFNetworking.h */,
				84DAC0731B84474A00FD2B75 /* UIProgressView+AFNetworking.h */,
				84DAC0741B84474A00FD2B75 /* UIProgressView+AFNetworking.m */,
				84DAC0751B84474A00FD2B75 /* UIRefreshControl+AFNetworking.h */,
				84DAC0761B84474A00FD2B75 /* UIRefreshControl+AFNetworking.m */,
				84DAC0771B84474A00FD2B75 /* UIWebView+AFNetworking.h */,
				84DAC0781B84474A00FD2B75 /* UIWebView+AFNetworking.m */,
			);
			path = "UIKit+AFNetworking";
			sourceTree = "<group>";
		};
		A991639B1A51523C008BADCD = {
			isa = PBXGroup;
			children = (
				84DAC0501B84474A00FD2B75 /* AFNetworking */,
				A99163E71A515893008BADCD /* Security.framework */,
				A99163E51A515884008BADCD /* CFNetwork.framework */,
				A99163E31A51587C008BADCD /* Foundation.framework */,
				A99163A61A51523C008BADCD /* BringgTracking */,
				A99163B31A51523C008BADCD /* BringgTrackingTests */,
				A99163A51A51523C008BADCD /* Products */,
				51714AA7A87F5BD99D489D8B /* Frameworks */,
				5550055FAAA6CC804B3ECE69 /* Pods */,
			);
			sourceTree = "<group>";
		};
		A99163A51A51523C008BADCD /* Products */ = {
			isa = PBXGroup;
			children = (
				A99163A41A51523C008BADCD /* libBringgTracking.a */,
				A99163AF1A51523C008BADCD /* BringgTrackingTests.xctest */,
			);
			name = Products;
			sourceTree = "<group>";
		};
		A99163A61A51523C008BADCD /* BringgTracking */ = {
			isa = PBXGroup;
			children = (
				A99163E01A51582E008BADCD /* GGTrackerManager.h */,
				A99163E11A51582E008BADCD /* GGTrackerManager.m */,
				134A8B751BE6188C001FFF34 /* GGTrackerManager_Private.h */,
				A9AC3F6F1ADD0111004817ED /* GGHTTPClientManager_Private.h */,
				A9A2F6EE1AAD9AB3003038E8 /* GGHTTPClientManager.h */,
				A9A2F6EF1AAD9AB3003038E8 /* GGHTTPClientManager.m */,
				13D6440A1B3C0F7300F9EA37 /* model */,
				A99163BE1A515719008BADCD /* libs */,
			);
			path = BringgTracking;
			sourceTree = "<group>";
		};
		A99163B31A51523C008BADCD /* BringgTrackingTests */ = {
			isa = PBXGroup;
			children = (
				13D542811BEB495200A6B48F /* orderUpdate_onstart.json */,
				13D542821BEB495200A6B48F /* orderUpdate_onaccept.json */,
				A99163B41A51523C008BADCD /* Supporting Files */,
				13D5427E1BEB419000A6B48F /* GGRealTimeMonitorTests.m */,
				13D5428C1BEB659F00A6B48F /* GGTrackerManagerTests.m */,
				13478F311BEB86FB0055A059 /* GGHTTPManagerTests.m */,
				13D542851BEB49FE00A6B48F /* GGTestUtils.h */,
				13D542861BEB49FE00A6B48F /* GGTestUtils.m */,
			);
			path = BringgTrackingTests;
			sourceTree = "<group>";
		};
		A99163B41A51523C008BADCD /* Supporting Files */ = {
			isa = PBXGroup;
			children = (
				A99163B51A51523C008BADCD /* Info.plist */,
			);
			name = "Supporting Files";
			sourceTree = "<group>";
		};
		A99163BE1A515719008BADCD /* libs */ = {
			isa = PBXGroup;
			children = (
				135692221B0B36E000100034 /* SocketIO */,
				A99163BF1A515719008BADCD /* Reachibility */,
				A99163CF1A515719008BADCD /* SocketRocket */,
			);
			path = libs;
			sourceTree = "<group>";
		};
		A99163BF1A515719008BADCD /* Reachibility */ = {
			isa = PBXGroup;
			children = (
				A99163C01A515719008BADCD /* Reachability.h */,
				A99163C11A515719008BADCD /* Reachability.m */,
			);
			path = Reachibility;
			sourceTree = "<group>";
		};
		A99163CF1A515719008BADCD /* SocketRocket */ = {
			isa = PBXGroup;
			children = (
				A99163D01A515719008BADCD /* base64.c */,
				A99163D11A515719008BADCD /* base64.h */,
				A99163D21A515719008BADCD /* LICENSE_SR */,
				A99163D31A515719008BADCD /* NSData+SRB64Additions.h */,
				A99163D41A515719008BADCD /* NSData+SRB64Additions.m */,
				A99163D51A515719008BADCD /* SRWebSocket.h */,
				A99163D61A515719008BADCD /* SRWebSocket.m */,
			);
			path = SocketRocket;
			sourceTree = "<group>";
		};
/* End PBXGroup section */

/* Begin PBXNativeTarget section */
		A99163A31A51523C008BADCD /* BringgTracking */ = {
			isa = PBXNativeTarget;
			buildConfigurationList = A99163B81A51523C008BADCD /* Build configuration list for PBXNativeTarget "BringgTracking" */;
			buildPhases = (
				A99163A01A51523C008BADCD /* Sources */,
				A99163A11A51523C008BADCD /* Frameworks */,
				A99163A21A51523C008BADCD /* CopyFiles */,
				13D643FB1B3BEDDD00F9EA37 /* CopyFiles */,
			);
			buildRules = (
			);
			dependencies = (
			);
			name = BringgTracking;
			productName = BringgTracking;
			productReference = A99163A41A51523C008BADCD /* libBringgTracking.a */;
			productType = "com.apple.product-type.library.static";
		};
		A99163AE1A51523C008BADCD /* BringgTrackingTests */ = {
			isa = PBXNativeTarget;
			buildConfigurationList = A99163BB1A51523C008BADCD /* Build configuration list for PBXNativeTarget "BringgTrackingTests" */;
			buildPhases = (
				3C2DB9D58783BC4C615B1C56 /* Check Pods Manifest.lock */,
				A99163AB1A51523C008BADCD /* Sources */,
				A99163AC1A51523C008BADCD /* Frameworks */,
				A99163AD1A51523C008BADCD /* Resources */,
				6AF51E4DB6928E6BDB59EF59 /* Embed Pods Frameworks */,
				DB518BE8065B9E394C09CA2F /* Copy Pods Resources */,
			);
			buildRules = (
			);
			dependencies = (
				A99163B21A51523C008BADCD /* PBXTargetDependency */,
			);
			name = BringgTrackingTests;
			productName = BringgTrackingTests;
			productReference = A99163AF1A51523C008BADCD /* BringgTrackingTests.xctest */;
			productType = "com.apple.product-type.bundle.unit-test";
		};
/* End PBXNativeTarget section */

/* Begin PBXProject section */
		A991639C1A51523C008BADCD /* Project object */ = {
			isa = PBXProject;
			attributes = {
				CLASSPREFIX = GG;
				LastUpgradeCheck = 0700;
				ORGANIZATIONNAME = "Matan Poreh";
				TargetAttributes = {
					139D06241B57A4C40027C49F = {
						CreatedOnToolsVersion = 6.4;
					};
					A99163A31A51523C008BADCD = {
						CreatedOnToolsVersion = 6.1;
					};
					A99163AE1A51523C008BADCD = {
						CreatedOnToolsVersion = 6.1;
					};
				};
			};
			buildConfigurationList = A991639F1A51523C008BADCD /* Build configuration list for PBXProject "BringgTracking" */;
			compatibilityVersion = "Xcode 3.2";
			developmentRegion = English;
			hasScannedForEncodings = 0;
			knownRegions = (
				en,
			);
			mainGroup = A991639B1A51523C008BADCD;
			productRefGroup = A99163A51A51523C008BADCD /* Products */;
			projectDirPath = "";
			projectRoot = "";
			targets = (
				A99163A31A51523C008BADCD /* BringgTracking */,
				A99163AE1A51523C008BADCD /* BringgTrackingTests */,
				139D06241B57A4C40027C49F /* BringgTrackingUniversal */,
			);
		};
/* End PBXProject section */

/* Begin PBXResourcesBuildPhase section */
		A99163AD1A51523C008BADCD /* Resources */ = {
			isa = PBXResourcesBuildPhase;
			buildActionMask = 2147483647;
			files = (
				13D542841BEB495200A6B48F /* orderUpdate_onaccept.json in Resources */,
				13D542831BEB495200A6B48F /* orderUpdate_onstart.json in Resources */,
			);
			runOnlyForDeploymentPostprocessing = 0;
		};
/* End PBXResourcesBuildPhase section */

/* Begin PBXShellScriptBuildPhase section */
		139D062A1B57A5190027C49F /* ShellScript */ = {
			isa = PBXShellScriptBuildPhase;
			buildActionMask = 2147483647;
			files = (
			);
			inputPaths = (
			);
			outputPaths = (
			);
			runOnlyForDeploymentPostprocessing = 0;
			shellPath = /bin/sh;
			shellScript = "#define output folder environment variable\nUNIVERSAL_OUTPUTFOLDER=${BUILD_DIR}/${CONFIGURATION}-universal\n\n# Step 1. Build Device and Simulator versions\nxcodebuild -target BringgTracking ONLY_ACTIVE_ARCH=NO -configuration ${CONFIGURATION} -sdk iphoneos  BUILD_DIR=\"${BUILD_DIR}\" BUILD_ROOT=\"${BUILD_ROOT}\"\nxcodebuild -target BringgTracking ONLY_ACTIVE_ARCH=NO -configuration ${CONFIGURATION} -sdk iphonesimulator BUILD_DIR=\"${BUILD_DIR}\" BUILD_ROOT=\"${BUILD_ROOT}\"\n\n# make sure the output directory exists\nmkdir -p \"${UNIVERSAL_OUTPUTFOLDER}\"\n\n# Step 2. Create universal binary file using lipo  \"${BUILD_DIR}/${CONFIGURATION}-iphonesimulator/lib${PROJECT_NAME}.a\"\nlipo -create -output \"${UNIVERSAL_OUTPUTFOLDER}/lib${PROJECT_NAME}.a\" \"${BUILD_DIR}/${CONFIGURATION}-iphoneos/lib${PROJECT_NAME}.a\" \"${BUILD_DIR}/${CONFIGURATION}-iphonesimulator/lib${PROJECT_NAME}.a\"\n\n# Last touch. copy the header files. Just for convenience\ncp -R \"${BUILD_DIR}/${CONFIGURATION}-iphoneos/include\" \"${UNIVERSAL_OUTPUTFOLDER}/\"";
		};
		3C2DB9D58783BC4C615B1C56 /* Check Pods Manifest.lock */ = {
			isa = PBXShellScriptBuildPhase;
			buildActionMask = 2147483647;
			files = (
			);
			inputPaths = (
			);
			name = "Check Pods Manifest.lock";
			outputPaths = (
			);
			runOnlyForDeploymentPostprocessing = 0;
			shellPath = /bin/sh;
			shellScript = "diff \"${PODS_ROOT}/../Podfile.lock\" \"${PODS_ROOT}/Manifest.lock\" > /dev/null\nif [[ $? != 0 ]] ; then\n    cat << EOM\nerror: The sandbox is not in sync with the Podfile.lock. Run 'pod install' or update your CocoaPods installation.\nEOM\n    exit 1\nfi\n";
			showEnvVarsInLog = 0;
		};
		6AF51E4DB6928E6BDB59EF59 /* Embed Pods Frameworks */ = {
			isa = PBXShellScriptBuildPhase;
			buildActionMask = 2147483647;
			files = (
			);
			inputPaths = (
			);
			name = "Embed Pods Frameworks";
			outputPaths = (
			);
			runOnlyForDeploymentPostprocessing = 0;
			shellPath = /bin/sh;
			shellScript = "\"${SRCROOT}/Pods/Target Support Files/Pods-BringgTrackingTests/Pods-BringgTrackingTests-frameworks.sh\"\n";
			showEnvVarsInLog = 0;
		};
		DB518BE8065B9E394C09CA2F /* Copy Pods Resources */ = {
			isa = PBXShellScriptBuildPhase;
			buildActionMask = 2147483647;
			files = (
			);
			inputPaths = (
			);
			name = "Copy Pods Resources";
			outputPaths = (
			);
			runOnlyForDeploymentPostprocessing = 0;
			shellPath = /bin/sh;
			shellScript = "\"${SRCROOT}/Pods/Target Support Files/Pods-BringgTrackingTests/Pods-BringgTrackingTests-resources.sh\"\n";
			showEnvVarsInLog = 0;
		};
/* End PBXShellScriptBuildPhase section */

/* Begin PBXSourcesBuildPhase section */
		A99163A01A51523C008BADCD /* Sources */ = {
			isa = PBXSourcesBuildPhase;
			buildActionMask = 2147483647;
			files = (
				13D644101B3C0F8300F9EA37 /* GGCustomer.m in Sources */,
				A9A2F6F01AAD9AB3003038E8 /* GGHTTPClientManager.m in Sources */,
				84DAC07D1B84474A00FD2B75 /* AFSecurityPolicy.m in Sources */,
				84DAC07A1B84474A00FD2B75 /* AFHTTPRequestOperationManager.m in Sources */,
				84DAC0791B84474A00FD2B75 /* AFHTTPRequestOperation.m in Sources */,
				13361E231B8B15C200388D14 /* GGBringgUtils.m in Sources */,
				13D6441D1B3C180D00F9EA37 /* GGSharedLocation.m in Sources */,
				84DAC0861B84474A00FD2B75 /* UIButton+AFNetworking.m in Sources */,
				84DAC0841B84474A00FD2B75 /* UIActivityIndicatorView+AFNetworking.m in Sources */,
				84DAC0881B84474A00FD2B75 /* UIProgressView+AFNetworking.m in Sources */,
				135692351B0B36E000100034 /* SocketIOTransportXHR.m in Sources */,
				A99163D71A515719008BADCD /* Reachability.m in Sources */,
				13D644231B3C2F9300F9EA37 /* GGRealTimeMontior.m in Sources */,
				13D644261B413FF600F9EA37 /* GGOrderBuilder.m in Sources */,
				A99163DF1A515719008BADCD /* SRWebSocket.m in Sources */,
				136CB2771B85C47400521029 /* GGWaypoint.m in Sources */,
				84DAC0831B84474A00FD2B75 /* AFNetworkActivityIndicatorManager.m in Sources */,
				84DAC0851B84474A00FD2B75 /* UIAlertView+AFNetworking.m in Sources */,
				13D644131B3C0F9F00F9EA37 /* GGOrder.m in Sources */,
				135692341B0B36E000100034 /* SocketIOTransportWebsocket.m in Sources */,
				84DAC07B1B84474A00FD2B75 /* AFHTTPSessionManager.m in Sources */,
				84DAC08A1B84474A00FD2B75 /* UIWebView+AFNetworking.m in Sources */,
				13D6440D1B3C0F7300F9EA37 /* GGDriver.m in Sources */,
				A99163DE1A515719008BADCD /* NSData+SRB64Additions.m in Sources */,
				84DAC0891B84474A00FD2B75 /* UIRefreshControl+AFNetworking.m in Sources */,
				84DAC07E1B84474A00FD2B75 /* AFURLConnectionOperation.m in Sources */,
				84DAC07F1B84474A00FD2B75 /* AFURLRequestSerialization.m in Sources */,
				84DAC0811B84474A00FD2B75 /* AFURLSessionManager.m in Sources */,
				84DAC0801B84474A00FD2B75 /* AFURLResponseSerialization.m in Sources */,
				135692331B0B36E000100034 /* SocketIOPacket.m in Sources */,
				135692311B0B36E000100034 /* SocketIO.m in Sources */,
				A99163DD1A515719008BADCD /* base64.c in Sources */,
				A99163E21A51582E008BADCD /* GGTrackerManager.m in Sources */,
				13D644201B3C18F900F9EA37 /* GGRating.m in Sources */,
				84DAC07C1B84474A00FD2B75 /* AFNetworkReachabilityManager.m in Sources */,
				84DAC0871B84474A00FD2B75 /* UIImageView+AFNetworking.m in Sources */,
				135692321B0B36E000100034 /* SocketIOJSONSerialization.m in Sources */,
			);
			runOnlyForDeploymentPostprocessing = 0;
		};
		A99163AB1A51523C008BADCD /* Sources */ = {
			isa = PBXSourcesBuildPhase;
			buildActionMask = 2147483647;
			files = (
				13D5427F1BEB419000A6B48F /* GGRealTimeMonitorTests.m in Sources */,
				13D5428D1BEB659F00A6B48F /* GGTrackerManagerTests.m in Sources */,
				13D542871BEB49FE00A6B48F /* GGTestUtils.m in Sources */,
				13478F321BEB86FB0055A059 /* GGHTTPManagerTests.m in Sources */,
			);
			runOnlyForDeploymentPostprocessing = 0;
		};
/* End PBXSourcesBuildPhase section */

/* Begin PBXTargetDependency section */
		139D06291B57A4DF0027C49F /* PBXTargetDependency */ = {
			isa = PBXTargetDependency;
			target = A99163A31A51523C008BADCD /* BringgTracking */;
			targetProxy = 139D06281B57A4DF0027C49F /* PBXContainerItemProxy */;
		};
		A99163B21A51523C008BADCD /* PBXTargetDependency */ = {
			isa = PBXTargetDependency;
			target = A99163A31A51523C008BADCD /* BringgTracking */;
			targetProxy = A99163B11A51523C008BADCD /* PBXContainerItemProxy */;
		};
/* End PBXTargetDependency section */

/* Begin XCBuildConfiguration section */
		139D06261B57A4C40027C49F /* Debug */ = {
			isa = XCBuildConfiguration;
			buildSettings = {
				IPHONEOS_DEPLOYMENT_TARGET = 7.0;
				PRODUCT_NAME = "$(TARGET_NAME)";
				VALID_ARCHS = "arm64 armv7 armv7s x86_64 i386";
			};
			name = Debug;
		};
		139D06271B57A4C40027C49F /* Release */ = {
			isa = XCBuildConfiguration;
			buildSettings = {
				IPHONEOS_DEPLOYMENT_TARGET = 7.0;
				PRODUCT_NAME = "$(TARGET_NAME)";
				VALID_ARCHS = "arm64 armv7 armv7s x86_64 i386";
			};
			name = Release;
		};
		A99163B61A51523C008BADCD /* Debug */ = {
			isa = XCBuildConfiguration;
			buildSettings = {
				ALWAYS_SEARCH_USER_PATHS = NO;
				CLANG_CXX_LANGUAGE_STANDARD = "gnu++0x";
				CLANG_CXX_LIBRARY = "libc++";
				CLANG_ENABLE_MODULES = YES;
				CLANG_ENABLE_OBJC_ARC = YES;
				CLANG_WARN_BOOL_CONVERSION = YES;
				CLANG_WARN_CONSTANT_CONVERSION = YES;
				CLANG_WARN_DIRECT_OBJC_ISA_USAGE = YES_ERROR;
				CLANG_WARN_EMPTY_BODY = YES;
				CLANG_WARN_ENUM_CONVERSION = YES;
				CLANG_WARN_INT_CONVERSION = YES;
				CLANG_WARN_OBJC_ROOT_CLASS = YES_ERROR;
				CLANG_WARN_UNREACHABLE_CODE = YES;
				CLANG_WARN__DUPLICATE_METHOD_MATCH = YES;
				COPY_PHASE_STRIP = NO;
				ENABLE_STRICT_OBJC_MSGSEND = YES;
				ENABLE_TESTABILITY = YES;
				GCC_C_LANGUAGE_STANDARD = gnu99;
				GCC_DYNAMIC_NO_PIC = NO;
				GCC_OPTIMIZATION_LEVEL = 0;
				GCC_PREPROCESSOR_DEFINITIONS = (
					"DEBUG=1",
					"$(inherited)",
				);
				GCC_SYMBOLS_PRIVATE_EXTERN = NO;
				GCC_WARN_64_TO_32_BIT_CONVERSION = YES;
				GCC_WARN_ABOUT_RETURN_TYPE = YES_ERROR;
				GCC_WARN_UNDECLARED_SELECTOR = YES;
				GCC_WARN_UNINITIALIZED_AUTOS = YES_AGGRESSIVE;
				GCC_WARN_UNUSED_FUNCTION = YES;
				GCC_WARN_UNUSED_VARIABLE = YES;
				IPHONEOS_DEPLOYMENT_TARGET = 7.1;
				MTL_ENABLE_DEBUG_INFO = YES;
				ONLY_ACTIVE_ARCH = YES;
				SDKROOT = iphoneos;
			};
			name = Debug;
		};
		A99163B71A51523C008BADCD /* Release */ = {
			isa = XCBuildConfiguration;
			buildSettings = {
				ALWAYS_SEARCH_USER_PATHS = NO;
				CLANG_CXX_LANGUAGE_STANDARD = "gnu++0x";
				CLANG_CXX_LIBRARY = "libc++";
				CLANG_ENABLE_MODULES = YES;
				CLANG_ENABLE_OBJC_ARC = YES;
				CLANG_WARN_BOOL_CONVERSION = YES;
				CLANG_WARN_CONSTANT_CONVERSION = YES;
				CLANG_WARN_DIRECT_OBJC_ISA_USAGE = YES_ERROR;
				CLANG_WARN_EMPTY_BODY = YES;
				CLANG_WARN_ENUM_CONVERSION = YES;
				CLANG_WARN_INT_CONVERSION = YES;
				CLANG_WARN_OBJC_ROOT_CLASS = YES_ERROR;
				CLANG_WARN_UNREACHABLE_CODE = YES;
				CLANG_WARN__DUPLICATE_METHOD_MATCH = YES;
				COPY_PHASE_STRIP = YES;
				ENABLE_NS_ASSERTIONS = NO;
				ENABLE_STRICT_OBJC_MSGSEND = YES;
				GCC_C_LANGUAGE_STANDARD = gnu99;
				GCC_WARN_64_TO_32_BIT_CONVERSION = YES;
				GCC_WARN_ABOUT_RETURN_TYPE = YES_ERROR;
				GCC_WARN_UNDECLARED_SELECTOR = YES;
				GCC_WARN_UNINITIALIZED_AUTOS = YES_AGGRESSIVE;
				GCC_WARN_UNUSED_FUNCTION = YES;
				GCC_WARN_UNUSED_VARIABLE = YES;
				IPHONEOS_DEPLOYMENT_TARGET = 7.1;
				MTL_ENABLE_DEBUG_INFO = NO;
				SDKROOT = iphoneos;
				VALIDATE_PRODUCT = YES;
			};
			name = Release;
		};
		A99163B91A51523C008BADCD /* Debug */ = {
			isa = XCBuildConfiguration;
			buildSettings = {
				DYLIB_CURRENT_VERSION = 1.5.0.4;
				HEADER_SEARCH_PATHS = (
					"$(inherited)",
					"$(PROJECT_DIR)/AFNetworking/**",
				);
				IPHONEOS_DEPLOYMENT_TARGET = 7.1;
				ONLY_ACTIVE_ARCH = NO;
				OTHER_LDFLAGS = "$(inherited)";
				PRODUCT_NAME = "$(TARGET_NAME)";
				PUBLIC_HEADERS_FOLDER_PATH = "$(TARGET_NAME)";
				SKIP_INSTALL = YES;
				VALID_ARCHS = "arm64 armv7 armv7s i386 x86_64";
			};
			name = Debug;
		};
		A99163BA1A51523C008BADCD /* Release */ = {
			isa = XCBuildConfiguration;
			buildSettings = {
				DYLIB_CURRENT_VERSION = 1.5.0.4;
				HEADER_SEARCH_PATHS = (
					"$(inherited)",
					"$(PROJECT_DIR)/AFNetworking/**",
				);
				IPHONEOS_DEPLOYMENT_TARGET = 7.1;
				ONLY_ACTIVE_ARCH = NO;
				OTHER_LDFLAGS = "$(inherited)";
				PRODUCT_NAME = "$(TARGET_NAME)";
				PUBLIC_HEADERS_FOLDER_PATH = "$(TARGET_NAME)";
				SKIP_INSTALL = YES;
				VALID_ARCHS = "arm64 armv7 armv7s i386 x86_64";
			};
			name = Release;
		};
		A99163BC1A51523C008BADCD /* Debug */ = {
			isa = XCBuildConfiguration;
			baseConfigurationReference = 6E86BEDC3DF2137CDEC39795 /* Pods-BringgTrackingTests.debug.xcconfig */;
			buildSettings = {
				CODE_SIGN_IDENTITY = "iPhone Developer";
				FRAMEWORK_SEARCH_PATHS = (
					"$(SDKROOT)/Developer/Library/Frameworks",
					"$(inherited)",
				);
				GCC_PREPROCESSOR_DEFINITIONS = (
					"DEBUG=1",
					"$(inherited)",
				);
				INFOPLIST_FILE = BringgTrackingTests/Info.plist;
				LD_RUNPATH_SEARCH_PATHS = "$(inherited) @executable_path/Frameworks @loader_path/Frameworks";
				PRODUCT_BUNDLE_IDENTIFIER = "com.bringg.$(PRODUCT_NAME:rfc1034identifier)";
				PRODUCT_NAME = "$(TARGET_NAME)";
			};
			name = Debug;
		};
		A99163BD1A51523C008BADCD /* Release */ = {
			isa = XCBuildConfiguration;
			baseConfigurationReference = ED8F793D4BEA78910BEE4098 /* Pods-BringgTrackingTests.release.xcconfig */;
			buildSettings = {
				CODE_SIGN_IDENTITY = "iPhone Developer";
				FRAMEWORK_SEARCH_PATHS = (
					"$(SDKROOT)/Developer/Library/Frameworks",
					"$(inherited)",
				);
				INFOPLIST_FILE = BringgTrackingTests/Info.plist;
				LD_RUNPATH_SEARCH_PATHS = "$(inherited) @executable_path/Frameworks @loader_path/Frameworks";
				PRODUCT_BUNDLE_IDENTIFIER = "com.bringg.$(PRODUCT_NAME:rfc1034identifier)";
				PRODUCT_NAME = "$(TARGET_NAME)";
			};
			name = Release;
		};
/* End XCBuildConfiguration section */

/* Begin XCConfigurationList section */
		139D06251B57A4C40027C49F /* Build configuration list for PBXAggregateTarget "BringgTrackingUniversal" */ = {
			isa = XCConfigurationList;
			buildConfigurations = (
				139D06261B57A4C40027C49F /* Debug */,
				139D06271B57A4C40027C49F /* Release */,
			);
			defaultConfigurationIsVisible = 0;
			defaultConfigurationName = Release;
		};
		A991639F1A51523C008BADCD /* Build configuration list for PBXProject "BringgTracking" */ = {
			isa = XCConfigurationList;
			buildConfigurations = (
				A99163B61A51523C008BADCD /* Debug */,
				A99163B71A51523C008BADCD /* Release */,
			);
			defaultConfigurationIsVisible = 0;
			defaultConfigurationName = Release;
		};
		A99163B81A51523C008BADCD /* Build configuration list for PBXNativeTarget "BringgTracking" */ = {
			isa = XCConfigurationList;
			buildConfigurations = (
				A99163B91A51523C008BADCD /* Debug */,
				A99163BA1A51523C008BADCD /* Release */,
			);
			defaultConfigurationIsVisible = 0;
			defaultConfigurationName = Release;
		};
		A99163BB1A51523C008BADCD /* Build configuration list for PBXNativeTarget "BringgTrackingTests" */ = {
			isa = XCConfigurationList;
			buildConfigurations = (
				A99163BC1A51523C008BADCD /* Debug */,
				A99163BD1A51523C008BADCD /* Release */,
			);
			defaultConfigurationIsVisible = 0;
			defaultConfigurationName = Release;
		};
/* End XCConfigurationList section */
	};
	rootObject = A991639C1A51523C008BADCD /* Project object */;
}
